
Microsoft Visual Studio Solution File, Format Version 12.00
# Visual Studio Version 17
VisualStudioVersion = 17.10.34928.147
MinimumVisualStudioVersion = 10.0.40219.1
Project("{FAE04EC0-301F-11D3-BF4B-00C04F79EFBC}") = "ServiceHost", "ServiceHost\ServiceHost.csproj", "{9485CC91-6464-4693-A49B-C826E4A2C5DE}"
EndProject
Global
	GlobalSection(SolutionConfigurationPlatforms) = preSolution
		Debug|Any CPU = Debug|Any CPU
		Release|Any CPU = Release|Any CPU
	EndGlobalSection
	GlobalSection(ProjectConfigurationPlatforms) = postSolution
		{9485CC91-6464-4693-A49B-C826E4A2C5DE}.Debug|Any CPU.ActiveCfg = Debug|Any CPU
		{9485CC91-6464-4693-A49B-C826E4A2C5DE}.Debug|Any CPU.Build.0 = Debug|Any CPU
		{9485CC91-6464-4693-A49B-C826E4A2C5DE}.Release|Any CPU.ActiveCfg = Release|Any CPU
		{9485CC91-6464-4693-A49B-C826E4A2C5DE}.Release|Any CPU.Build.0 = Release|Any CPU
	EndGlobalSection
	GlobalSection(SolutionProperties) = preSolution
		HideSolutionNode = FALSE
	EndGlobalSection
	GlobalSection(ExtensibilityGlobals) = postSolution
		SolutionGuid = {CE63427B-2518-4374-B03F-253498125D4C}
	EndGlobalSection
EndGlobal
